
Microsoft Visual Studio Solution File, Format Version 12.00
Project("{FAE04EC0-301F-11D3-BF4B-00C04F79EFBC}") = "WebAPI", "WebAPI\WebAPI.csproj", "{A8251265-6EF2-4A1C-90B6-1307D3C2E9B4}"
EndProject
Project("{FAE04EC0-301F-11D3-BF4B-00C04F79EFBC}") = "DomainModel", "DomainModel\DomainModel.csproj", "{FABF0D26-A87B-4E6C-9682-468E3240FABC}"
EndProject
Project("{FAE04EC0-301F-11D3-BF4B-00C04F79EFBC}") = "DAL", "DAL\DAL.csproj", "{1BF3E21D-C48E-4C95-8AB5-8C8E4FA01D3A}"
EndProject
Global
	GlobalSection(SolutionConfigurationPlatforms) = preSolution
		Debug|Any CPU = Debug|Any CPU
		Release|Any CPU = Release|Any CPU
	EndGlobalSection
	GlobalSection(ProjectConfigurationPlatforms) = postSolution
		{A8251265-6EF2-4A1C-90B6-1307D3C2E9B4}.Debug|Any CPU.ActiveCfg = Debug|Any CPU
		{A8251265-6EF2-4A1C-90B6-1307D3C2E9B4}.Debug|Any CPU.Build.0 = Debug|Any CPU
		{A8251265-6EF2-4A1C-90B6-1307D3C2E9B4}.Release|Any CPU.ActiveCfg = Release|Any CPU
		{A8251265-6EF2-4A1C-90B6-1307D3C2E9B4}.Release|Any CPU.Build.0 = Release|Any CPU
		{FABF0D26-A87B-4E6C-9682-468E3240FABC}.Debug|Any CPU.ActiveCfg = Debug|Any CPU
		{FABF0D26-A87B-4E6C-9682-468E3240FABC}.Debug|Any CPU.Build.0 = Debug|Any CPU
		{FABF0D26-A87B-4E6C-9682-468E3240FABC}.Release|Any CPU.ActiveCfg = Release|Any CPU
		{FABF0D26-A87B-4E6C-9682-468E3240FABC}.Release|Any CPU.Build.0 = Release|Any CPU
		{1BF3E21D-C48E-4C95-8AB5-8C8E4FA01D3A}.Debug|Any CPU.ActiveCfg = Debug|Any CPU
		{1BF3E21D-C48E-4C95-8AB5-8C8E4FA01D3A}.Debug|Any CPU.Build.0 = Debug|Any CPU
		{1BF3E21D-C48E-4C95-8AB5-8C8E4FA01D3A}.Release|Any CPU.ActiveCfg = Release|Any CPU
		{1BF3E21D-C48E-4C95-8AB5-8C8E4FA01D3A}.Release|Any CPU.Build.0 = Release|Any CPU
	EndGlobalSection
EndGlobal
